{
  "name": "nodebb.org",
  "lockfileVersion": 3,
  "requires": true,
  "packages": {
    "": {
      "dependencies": {
        "marked": "^15.0.8"
      }
    },
    "node_modules/marked": {
      "version": "15.0.8",
      "resolved": "https://registry.npmjs.org/marked/-/marked-15.0.8.tgz",
      "integrity": "sha512-rli4l2LyZqpQuRve5C0rkn6pj3hT8EWPC+zkAxFTAJLxRbENfTAhEQq9itrmf1Y81QtAX5D/MYlGlIomNgj9lA==",
      "bin": {
        "marked": "bin/marked.js"
      },
      "engines": {
        "node": ">= 18"
      }
    }
  }
}
